// !$*UTF8*$!
{
	archiveVersion = 1;
	classes = {
	};
	objectVersion = 50;
	objects = {

/* Begin PBXBuildFile section */
		8A6BDFC52555218C0075ED3C /* AppDelegate.m in Sources */ = {isa = PBXBuildFile; fileRef = 8A6BDFC42555218C0075ED3C /* AppDelegate.m */; };
		8A6BDFC82555218C0075ED3C /* SceneDelegate.m in Sources */ = {isa = PBXBuildFile; fileRef = 8A6BDFC72555218C0075ED3C /* SceneDelegate.m */; };
		8A6BDFCB2555218C0075ED3C /* ViewController.m in Sources */ = {isa = PBXBuildFile; fileRef = 8A6BDFCA2555218C0075ED3C /* ViewController.m */; };
		8A6BDFCE2555218C0075ED3C /* Main.storyboard in Resources */ = {isa = PBXBuildFile; fileRef = 8A6BDFCC2555218C0075ED3C /* Main.storyboard */; };
		8A6BDFD0255521A90075ED3C /* Assets.xcassets in Resources */ = {isa = PBXBuildFile; fileRef = 8A6BDFCF255521A90075ED3C /* Assets.xcassets */; };
		8A6BDFD3255521A90075ED3C /* LaunchScreen.storyboard in Resources */ = {isa = PBXBuildFile; fileRef = 8A6BDFD1255521A90075ED3C /* LaunchScreen.storyboard */; };
		8A6BDFD6255521A90075ED3C /* main.m in Sources */ = {isa = PBXBuildFile; fileRef = 8A6BDFD5255521A90075ED3C /* main.m */; };
		8A6BE02525553F720075ED3C /* EmallAlertView.m in Sources */ = {isa = PBXBuildFile; fileRef = 8A6BE01F25553F720075ED3C /* EmallAlertView.m */; };
		8A6BE02625553F720075ED3C /* EmallAlertSheetView.m in Sources */ = {isa = PBXBuildFile; fileRef = 8A6BE02125553F720075ED3C /* EmallAlertSheetView.m */; };
		8A6BE02725553F720075ED3C /* EmallToastView.m in Sources */ = {isa = PBXBuildFile; fileRef = 8A6BE02425553F720075ED3C /* EmallToastView.m */; };
/* End PBXBuildFile section */

/* Begin PBXFileReference section */
		8A6BDFC02555218C0075ED3C /* YPHUD.app */ = {isa = PBXFileReference; explicitFileType = wrapper.application; includeInIndex = 0; path = YPHUD.app; sourceTree = BUILT_PRODUCTS_DIR; };
		8A6BDFC32555218C0075ED3C /* AppDelegate.h */ = {isa = PBXFileReference; lastKnownFileType = sourcecode.c.h; path = AppDelegate.h; sourceTree = "<group>"; };
		8A6BDFC42555218C0075ED3C /* AppDelegate.m */ = {isa = PBXFileReference; lastKnownFileType = sourcecode.c.objc; path = AppDelegate.m; sourceTree = "<group>"; };
		8A6BDFC62555218C0075ED3C /* SceneDelegate.h */ = {isa = PBXFileReference; lastKnownFileType = sourcecode.c.h; path = SceneDelegate.h; sourceTree = "<group>"; };
		8A6BDFC72555218C0075ED3C /* SceneDelegate.m */ = {isa = PBXFileReference; lastKnownFileType = sourcecode.c.objc; path = SceneDelegate.m; sourceTree = "<group>"; };
		8A6BDFC92555218C0075ED3C /* ViewController.h */ = {isa = PBXFileReference; lastKnownFileType = sourcecode.c.h; path = ViewController.h; sourceTree = "<group>"; };
		8A6BDFCA2555218C0075ED3C /* ViewController.m */ = {isa = PBXFileReference; lastKnownFileType = sourcecode.c.objc; path = ViewController.m; sourceTree = "<group>"; };
		8A6BDFCD2555218C0075ED3C /* Base */ = {isa = PBXFileReference; lastKnownFileType = file.storyboard; name = Base; path = Base.lproj/Main.storyboard; sourceTree = "<group>"; };
		8A6BDFCF255521A90075ED3C /* Assets.xcassets */ = {isa = PBXFileReference; lastKnownFileType = folder.assetcatalog; path = Assets.xcassets; sourceTree = "<group>"; };
		8A6BDFD2255521A90075ED3C /* Base */ = {isa = PBXFileReference; lastKnownFileType = file.storyboard; name = Base; path = Base.lproj/LaunchScreen.storyboard; sourceTree = "<group>"; };
		8A6BDFD4255521A90075ED3C /* Info.plist */ = {isa = PBXFileReference; lastKnownFileType = text.plist.xml; path = Info.plist; sourceTree = "<group>"; };
		8A6BDFD5255521A90075ED3C /* main.m */ = {isa = PBXFileReference; lastKnownFileType = sourcecode.c.objc; path = main.m; sourceTree = "<group>"; };
		8A6BE01F25553F720075ED3C /* EmallAlertView.m */ = {isa = PBXFileReference; fileEncoding = 4; lastKnownFileType = sourcecode.c.objc; path = EmallAlertView.m; sourceTree = "<group>"; };
		8A6BE02025553F720075ED3C /* EmallToastView.h */ = {isa = PBXFileReference; fileEncoding = 4; lastKnownFileType = sourcecode.c.h; path = EmallToastView.h; sourceTree = "<group>"; };
		8A6BE02125553F720075ED3C /* EmallAlertSheetView.m */ = {isa = PBXFileReference; fileEncoding = 4; lastKnownFileType = sourcecode.c.objc; path = EmallAlertSheetView.m; sourceTree = "<group>"; };
		8A6BE02225553F720075ED3C /* EmallAlertView.h */ = {isa = PBXFileReference; fileEncoding = 4; lastKnownFileType = sourcecode.c.h; path = EmallAlertView.h; sourceTree = "<group>"; };
		8A6BE02325553F720075ED3C /* EmallAlertSheetView.h */ = {isa = PBXFileReference; fileEncoding = 4; lastKnownFileType = sourcecode.c.h; path = EmallAlertSheetView.h; sourceTree = "<group>"; };
		8A6BE02425553F720075ED3C /* EmallToastView.m */ = {isa = PBXFileReference; fileEncoding = 4; lastKnownFileType = sourcecode.c.objc; path = EmallToastView.m; sourceTree = "<group>"; };
/* End PBXFileReference section */

/* Begin PBXFrameworksBuildPhase section */
		8A6BDFBD2555218C0075ED3C /* Frameworks */ = {
			isa = PBXFrameworksBuildPhase;
			buildActionMask = 2147483647;
			files = (
			);
			runOnlyForDeploymentPostprocessing = 0;
		};
/* End PBXFrameworksBuildPhase section */

/* Begin PBXGroup section */
		8A6BDFB72555218C0075ED3C = {
			isa = PBXGroup;
			children = (
				8A6BDFC22555218C0075ED3C /* YPHUD */,
				8A6BDFC12555218C0075ED3C /* Products */,
			);
			sourceTree = "<group>";
		};
		8A6BDFC12555218C0075ED3C /* Products */ = {
			isa = PBXGroup;
			children = (
				8A6BDFC02555218C0075ED3C /* YPHUD.app */,
			);
			name = Products;
			sourceTree = "<group>";
		};
		8A6BDFC22555218C0075ED3C /* YPHUD */ = {
			isa = PBXGroup;
			children = (
				8A6BE01E25553F720075ED3C /* EmallToastAndAlert */,
				8A6BDFC32555218C0075ED3C /* AppDelegate.h */,
				8A6BDFC42555218C0075ED3C /* AppDelegate.m */,
				8A6BDFC62555218C0075ED3C /* SceneDelegate.h */,
				8A6BDFC72555218C0075ED3C /* SceneDelegate.m */,
				8A6BDFC92555218C0075ED3C /* ViewController.h */,
				8A6BDFCA2555218C0075ED3C /* ViewController.m */,
				8A6BDFCC2555218C0075ED3C /* Main.storyboard */,
				8A6BDFCF255521A90075ED3C /* Assets.xcassets */,
				8A6BDFD1255521A90075ED3C /* LaunchScreen.storyboard */,
				8A6BDFD4255521A90075ED3C /* Info.plist */,
				8A6BDFD5255521A90075ED3C /* main.m */,
			);
			path = YPHUD;
			sourceTree = "<group>";
		};
		8A6BE01E25553F720075ED3C /* EmallToastAndAlert */ = {
			isa = PBXGroup;
			children = (
				8A6BE01F25553F720075ED3C /* EmallAlertView.m */,
				8A6BE02025553F720075ED3C /* EmallToastView.h */,
				8A6BE02125553F720075ED3C /* EmallAlertSheetView.m */,
				8A6BE02225553F720075ED3C /* EmallAlertView.h */,
				8A6BE02325553F720075ED3C /* EmallAlertSheetView.h */,
				8A6BE02425553F720075ED3C /* EmallToastView.m */,
			);
			path = EmallToastAndAlert;
			sourceTree = "<group>";
		};
/* End PBXGroup section */

/* Begin PBXNativeTarget section */
		8A6BDFBF2555218C0075ED3C /* YPHUD */ = {
			isa = PBXNativeTarget;
			buildConfigurationList = 8A6BDFD9255521A90075ED3C /* Build configuration list for PBXNativeTarget "YPHUD" */;
			buildPhases = (
				8A6BDFBC2555218C0075ED3C /* Sources */,
				8A6BDFBD2555218C0075ED3C /* Frameworks */,
				8A6BDFBE2555218C0075ED3C /* Resources */,
			);
			buildRules = (
			);
			dependencies = (
			);
			name = YPHUD;
			productName = YPHUD;
			productReference = 8A6BDFC02555218C0075ED3C /* YPHUD.app */;
			productType = "com.apple.product-type.application";
		};
/* End PBXNativeTarget section */

/* Begin PBXProject section */
		8A6BDFB82555218C0075ED3C /* Project object */ = {
			isa = PBXProject;
			attributes = {
				LastUpgradeCheck = 1160;
				ORGANIZATIONNAME = b2c;
				TargetAttributes = {
					8A6BDFBF2555218C0075ED3C = {
						CreatedOnToolsVersion = 11.6;
					};
				};
			};
			buildConfigurationList = 8A6BDFBB2555218C0075ED3C /* Build configuration list for PBXProject "YPHUD" */;
			compatibilityVersion = "Xcode 9.3";
			developmentRegion = en;
			hasScannedForEncodings = 0;
			knownRegions = (
				en,
				Base,
			);
			mainGroup = 8A6BDFB72555218C0075ED3C;
			productRefGroup = 8A6BDFC12555218C0075ED3C /* Products */;
			projectDirPath = "";
			projectRoot = "";
			targets = (
				8A6BDFBF2555218C0075ED3C /* YPHUD */,
			);
		};
/* End PBXProject section */

/* Begin PBXResourcesBuildPhase section */
		8A6BDFBE2555218C0075ED3C /* Resources */ = {
			isa = PBXResourcesBuildPhase;
			buildActionMask = 2147483647;
			files = (
				8A6BDFD3255521A90075ED3C /* LaunchScreen.storyboard in Resources */,
				8A6BDFD0255521A90075ED3C /* Assets.xcassets in Resources */,
				8A6BDFCE2555218C0075ED3C /* Main.storyboard in Resources */,
			);
			runOnlyForDeploymentPostprocessing = 0;
		};
/* End PBXResourcesBuildPhase section */

/* Begin PBXSourcesBuildPhase section */
		8A6BDFBC2555218C0075ED3C /* Sources */ = {
			isa = PBXSourcesBuildPhase;
			buildActionMask = 2147483647;
			files = (
				8A6BDFCB2555218C0075ED3C /* ViewController.m in Sources */,
				8A6BDFC52555218C0075ED3C /* AppDelegate.m in Sources */,
				8A6BDFD6255521A90075ED3C /* main.m in Sources */,
				8A6BDFC82555218C0075ED3C /* SceneDelegate.m in Sources */,
				8A6BE02525553F720075ED3C /* EmallAlertView.m in Sources */,
				8A6BE02625553F720075ED3C /* EmallAlertSheetView.m in Sources */,
				8A6BE02725553F720075ED3C /* EmallToastView.m in Sources */,
			);
			runOnlyForDeploymentPostprocessing = 0;
		};
/* End PBXSourcesBuildPhase section */

/* Begin PBXVariantGroup section */
		8A6BDFCC2555218C0075ED3C /* Main.storyboard */ = {
			isa = PBXVariantGroup;
			children = (
				8A6BDFCD2555218C0075ED3C /* Base */,
			);
			name = Main.storyboard;
			sourceTree = "<group>";
		};
		8A6BDFD1255521A90075ED3C /* LaunchScreen.storyboard */ = {
			isa = PBXVariantGroup;
			children = (
				8A6BDFD2255521A90075ED3C /* Base */,
			);
			name = LaunchScreen.storyboard;
			sourceTree = "<group>";
		};
/* End PBXVariantGroup section */

/* Begin XCBuildConfiguration section */
		8A6BDFD7255521A90075ED3C /* Debug */ = {
			isa = XCBuildConfiguration;
			buildSettings = {
				ALWAYS_SEARCH_USER_PATHS = NO;
				CLANG_ANALYZER_NONNULL = YES;
				CLANG_ANALYZER_NUMBER_OBJECT_CONVERSION = YES_AGGRESSIVE;
				CLANG_CXX_LANGUAGE_STANDARD = "gnu++14";
				CLANG_CXX_LIBRARY = "libc++";
				CLANG_ENABLE_MODULES = YES;
				CLANG_ENABLE_OBJC_ARC = YES;
				CLANG_ENABLE_OBJC_WEAK = YES;
				CLANG_WARN_BLOCK_CAPTURE_AUTORELEASING = YES;
				CLANG_WARN_BOOL_CONVERSION = YES;
				CLANG_WARN_COMMA = YES;
				CLANG_WARN_CONSTANT_CONVERSION = YES;
				CLANG_WARN_DEPRECATED_OBJC_IMPLEMENTATIONS = YES;
				CLANG_WARN_DIRECT_OBJC_ISA_USAGE = YES_ERROR;
				CLANG_WARN_DOCUMENTATION_COMMENTS = YES;
				CLANG_WARN_EMPTY_BODY = YES;
				CLANG_WARN_ENUM_CONVERSION = YES;
				CLANG_WARN_INFINITE_RECURSION = YES;
				CLANG_WARN_INT_CONVERSION = YES;
				CLANG_WARN_NON_LITERAL_NULL_CONVERSION = YES;
				CLANG_WARN_OBJC_IMPLICIT_RETAIN_SELF = YES;
				CLANG_WARN_OBJC_LITERAL_CONVERSION = YES;
				CLANG_WARN_OBJC_ROOT_CLASS = YES_ERROR;
				CLANG_WARN_RANGE_LOOP_ANALYSIS = YES;
				CLANG_WARN_STRICT_PROTOTYPES = YES;
				CLANG_WARN_SUSPICIOUS_MOVE = YES;
				CLANG_WARN_UNGUARDED_AVAILABILITY = YES_AGGRESSIVE;
				CLANG_WARN_UNREACHABLE_CODE = YES;
				CLANG_WARN__DUPLICATE_METHOD_MATCH = YES;
				COPY_PHASE_STRIP = NO;
				DEBUG_INFORMATION_FORMAT = dwarf;
				ENABLE_STRICT_OBJC_MSGSEND = YES;
				ENABLE_TESTABILITY = YES;
				GCC_C_LANGUAGE_STANDARD = gnu11;
				GCC_DYNAMIC_NO_PIC = NO;
				GCC_NO_COMMON_BLOCKS = YES;
				GCC_OPTIMIZATION_LEVEL = 0;
				GCC_PREPROCESSOR_DEFINITIONS = (
					"DEBUG=1",
					"$(inherited)",
				);
				GCC_WARN_64_TO_32_BIT_CONVERSION = YES;
				GCC_WARN_ABOUT_RETURN_TYPE = YES_ERROR;
				GCC_WARN_UNDECLARED_SELECTOR = YES;
				GCC_WARN_UNINITIALIZED_AUTOS = YES_AGGRESSIVE;
				GCC_WARN_UNUSED_FUNCTION = YES;
				GCC_WARN_UNUSED_VARIABLE = YES;
				IPHONEOS_DEPLOYMENT_TARGET = 13.6;
				MTL_ENABLE_DEBUG_INFO = INCLUDE_SOURCE;
				MTL_FAST_MATH = YES;
				ONLY_ACTIVE_ARCH = YES;
				SDKROOT = iphoneos;
			};
			name = Debug;
		};
		8A6BDFD8255521A90075ED3C /* Release */ = {
			isa = XCBuildConfiguration;
			buildSettings = {
				ALWAYS_SEARCH_USER_PATHS = NO;
				CLANG_ANALYZER_NONNULL = YES;
				CLANG_ANALYZER_NUMBER_OBJECT_CONVERSION = YES_AGGRESSIVE;
				CLANG_CXX_LANGUAGE_STANDARD = "gnu++14";
				CLANG_CXX_LIBRARY = "libc++";
				CLANG_ENABLE_MODULES = YES;
				CLANG_ENABLE_OBJC_ARC = YES;
				CLANG_ENABLE_OBJC_WEAK = YES;
				CLANG_WARN_BLOCK_CAPTURE_AUTORELEASING = YES;
				CLANG_WARN_BOOL_CONVERSION = YES;
				CLANG_WARN_COMMA = YES;
				CLANG_WARN_CONSTANT_CONVERSION = YES;
				CLANG_WARN_DEPRECATED_OBJC_IMPLEMENTATIONS = YES;
				CLANG_WARN_DIRECT_OBJC_ISA_USAGE = YES_ERROR;
				CLANG_WARN_DOCUMENTATION_COMMENTS = YES;
				CLANG_WARN_EMPTY_BODY = YES;
				CLANG_WARN_ENUM_CONVERSION = YES;
				CLANG_WARN_INFINITE_RECURSION = YES;
				CLANG_WARN_INT_CONVERSION = YES;
				CLANG_WARN_NON_LITERAL_NULL_CONVERSION = YES;
				CLANG_WARN_OBJC_IMPLICIT_RETAIN_SELF = YES;
				CLANG_WARN_OBJC_LITERAL_CONVERSION = YES;
				CLANG_WARN_OBJC_ROOT_CLASS = YES_ERROR;
				CLANG_WARN_RANGE_LOOP_ANALYSIS = YES;
				CLANG_WARN_STRICT_PROTOTYPES = YES;
				CLANG_WARN_SUSPICIOUS_MOVE = YES;
				CLANG_WARN_UNGUARDED_AVAILABILITY = YES_AGGRESSIVE;
				CLANG_WARN_UNREACHABLE_CODE = YES;
				CLANG_WARN__DUPLICATE_METHOD_MATCH = YES;
				COPY_PHASE_STRIP = NO;
				DEBUG_INFORMATION_FORMAT = "dwarf-with-dsym";
				ENABLE_NS_ASSERTIONS = NO;
				ENABLE_STRICT_OBJC_MSGSEND = YES;
				GCC_C_LANGUAGE_STANDARD = gnu11;
				GCC_NO_COMMON_BLOCKS = YES;
				GCC_WARN_64_TO_32_BIT_CONVERSION = YES;
				GCC_WARN_ABOUT_RETURN_TYPE = YES_ERROR;
				GCC_WARN_UNDECLARED_SELECTOR = YES;
				GCC_WARN_UNINITIALIZED_AUTOS = YES_AGGRESSIVE;
				GCC_WARN_UNUSED_FUNCTION = YES;
				GCC_WARN_UNUSED_VARIABLE = YES;
				IPHONEOS_DEPLOYMENT_TARGET = 13.6;
				MTL_ENABLE_DEBUG_INFO = NO;
				MTL_FAST_MATH = YES;
				SDKROOT = iphoneos;
				VALIDATE_PRODUCT = YES;
			};
			name = Release;
		};
		8A6BDFDA255521A90075ED3C /* Debug */ = {
			isa = XCBuildConfiguration;
			buildSettings = {
				ASSETCATALOG_COMPILER_APPICON_NAME = AppIcon;
				CODE_SIGN_STYLE = Automatic;
				DEVELOPMENT_TEAM = 2J3Q4VXBEW;
				INFOPLIST_FILE = YPHUD/Info.plist;
				LD_RUNPATH_SEARCH_PATHS = (
					"$(inherited)",
					"@executable_path/Frameworks",
				);
				PRODUCT_BUNDLE_IDENTIFIER = ICBC.YPHUD;
				PRODUCT_NAME = "$(TARGET_NAME)";
				TARGETED_DEVICE_FAMILY = "1,2";
			};
			name = Debug;
		};
		8A6BDFDB255521A90075ED3C /* Release */ = {
			isa = XCBuildConfiguration;
			buildSettings = {
				ASSETCATALOG_COMPILER_APPICON_NAME = AppIcon;
				CODE_SIGN_STYLE = Automatic;
				DEVELOPMENT_TEAM = 2J3Q4VXBEW;
				INFOPLIST_FILE = YPHUD/Info.plist;
				LD_RUNPATH_SEARCH_PATHS = (
					"$(inherited)",
					"@executable_path/Frameworks",
				);
				PRODUCT_BUNDLE_IDENTIFIER = ICBC.YPHUD;
				PRODUCT_NAME = "$(TARGET_NAME)";
				TARGETED_DEVICE_FAMILY = "1,2";
			};
			name = Release;
		};
/* End XCBuildConfiguration section */

/* Begin XCConfigurationList section */
		8A6BDFBB2555218C0075ED3C /* Build configuration list for PBXProject "YPHUD" */ = {
			isa = XCConfigurationList;
			buildConfigurations = (
				8A6BDFD7255521A90075ED3C /* Debug */,
				8A6BDFD8255521A90075ED3C /* Release */,
			);
			defaultConfigurationIsVisible = 0;
			defaultConfigurationName = Release;
		};
		8A6BDFD9255521A90075ED3C /* Build configuration list for PBXNativeTarget "YPHUD" */ = {
			isa = XCConfigurationList;
			buildConfigurations = (
				8A6BDFDA255521A90075ED3C /* Debug */,
				8A6BDFDB255521A90075ED3C /* Release */,
			);
			defaultConfigurationIsVisible = 0;
			defaultConfigurationName = Release;
		};
/* End XCConfigurationList section */
	};
	rootObject = 8A6BDFB82555218C0075ED3C /* Project object */;
}
